
Microsoft Visual Studio Solution File, Format Version 12.00
# Visual Studio Version 17
VisualStudioVersion = 17.14.37314.3 d17.14
MinimumVisualStudioVersion = 10.0.40219.1
Project("{FAE04EC0-301F-11D3-BF4B-00C04F79EFBC}") = "KronosCameraTestApp", "KronosCameraTestApp\KronosCameraTestApp.csproj", "{6C01019D-90DC-47E9-993C-B24BCCE8DF00}"
EndProject
Project("{FAE04EC0-301F-11D3-BF4B-00C04F79EFBC}") = "KronosUnitTestProject", "KronosTestProject\KronosUnitTestProject.csproj", "{649C28F4-87B5-4BD3-8C4A-DF5BD42B2EE8}"
EndProject
Project("{2150E333-8FDC-42A3-9474-1A3956D46DE8}") = "Solution Items", "Solution Items", "{5624DDBF-B6FA-48C5-B5AE-8963B1D9B8D5}"
	ProjectSection(SolutionItems) = preProject
		README.md = README.md
	EndProjectSection
EndProject
Project("{54435603-DBB4-11D2-8724-00A0C9A8B90C}") = "SCM5821AX1_Setup", "SCM5821AX1_Setup\SCM5821AX1_Setup.vdproj", "{555AE562-77DB-4EAA-ABE2-0783511142FE}"
EndProject
Project("{54435603-DBB4-11D2-8724-00A0C9A8B90C}") = "Setup1", "Setup1\Setup1.vdproj", "{388AC527-411A-4A79-84F3-8026F3C9F194}"
EndProject
Project("{FAE04EC0-301F-11D3-BF4B-00C04F79EFBC}") = "Kronos.Instrument.Camera.Contracts", "..\..\..\CID821API_Latest_Aug302023\CID821API\Kronos.Instrument.Camera.Contracts\Kronos.Instrument.Camera.Contracts.csproj", "{00B110DB-0535-4F8C-810A-A31DD8AC3756}"
EndProject
Project("{FAE04EC0-301F-11D3-BF4B-00C04F79EFBC}") = "Kronos.Instrument.Camera.Interface", "..\..\..\CID821API_Latest_Aug302023\CID821API\Kronos.Instrument.Camera.Interface\Kronos.Instrument.Camera.Interface.csproj", "{A1274CF0-B51C-4365-9A36-A864026723AF}"
EndProject
Global
	GlobalSection(SolutionConfigurationPlatforms) = preSolution
		CD_ROM|Any CPU = CD_ROM|Any CPU
		CD_ROM|x64 = CD_ROM|x64
		CD_ROM|x86 = CD_ROM|x86
		Debug|Any CPU = Debug|Any CPU
		Debug|x64 = Debug|x64
		Debug|x86 = Debug|x86
		DVD-5|Any CPU = DVD-5|Any CPU
		DVD-5|x64 = DVD-5|x64
		DVD-5|x86 = DVD-5|x86
		Release|Any CPU = Release|Any CPU
		Release|x64 = Release|x64
		Release|x86 = Release|x86
		SingleImage|Any CPU = SingleImage|Any CPU
		SingleImage|x64 = SingleImage|x64
		SingleImage|x86 = SingleImage|x86
	EndGlobalSection
	GlobalSection(ProjectConfigurationPlatforms) = postSolution
		{6C01019D-90DC-47E9-993C-B24BCCE8DF00}.CD_ROM|Any CPU.ActiveCfg = Release|Any CPU
		{6C01019D-90DC-47E9-993C-B24BCCE8DF00}.CD_ROM|Any CPU.Build.0 = Release|Any CPU
		{6C01019D-90DC-47E9-993C-B24BCCE8DF00}.CD_ROM|x64.ActiveCfg = Release|x64
		{6C01019D-90DC-47E9-993C-B24BCCE8DF00}.CD_ROM|x64.Build.0 = Release|x64
		{6C01019D-90DC-47E9-993C-B24BCCE8DF00}.CD_ROM|x86.ActiveCfg = Debug|x86
		{6C01019D-90DC-47E9-993C-B24BCCE8DF00}.CD_ROM|x86.Build.0 = Debug|x86
		{6C01019D-90DC-47E9-993C-B24BCCE8DF00}.Debug|Any CPU.ActiveCfg = Debug|x64
		{6C01019D-90DC-47E9-993C-B24BCCE8DF00}.Debug|Any CPU.Build.0 = Debug|x64
		{6C01019D-90DC-47E9-993C-B24BCCE8DF00}.Debug|Any CPU.Deploy.0 = Debug|x64
		{6C01019D-90DC-47E9-993C-B24BCCE8DF00}.Debug|x64.ActiveCfg = Debug|x64
		{6C01019D-90DC-47E9-993C-B24BCCE8DF00}.Debug|x86.ActiveCfg = Debug|Any CPU
		{6C01019D-90DC-47E9-993C-B24BCCE8DF00}.DVD-5|Any CPU.ActiveCfg = Debug|Any CPU
		{6C01019D-90DC-47E9-993C-B24BCCE8DF00}.DVD-5|Any CPU.Build.0 = Debug|Any CPU
		{6C01019D-90DC-47E9-993C-B24BCCE8DF00}.DVD-5|x64.ActiveCfg = Debug|x64
		{6C01019D-90DC-47E9-993C-B24BCCE8DF00}.DVD-5|x64.Build.0 = Debug|x64
		{6C01019D-90DC-47E9-993C-B24BCCE8DF00}.DVD-5|x86.ActiveCfg = Debug|x86
		{6C01019D-90DC-47E9-993C-B24BCCE8DF00}.DVD-5|x86.Build.0 = Debug|x86
		{6C01019D-90DC-47E9-993C-B24BCCE8DF00}.Release|Any CPU.ActiveCfg = Release|x64
		{6C01019D-90DC-47E9-993C-B24BCCE8DF00}.Release|Any CPU.Build.0 = Release|x64
		{6C01019D-90DC-47E9-993C-B24BCCE8DF00}.Release|x64.ActiveCfg = Release|x64
		{6C01019D-90DC-47E9-993C-B24BCCE8DF00}.Release|x64.Build.0 = Release|x64
		{6C01019D-90DC-47E9-993C-B24BCCE8DF00}.Release|x86.ActiveCfg = Release|x86
		{6C01019D-90DC-47E9-993C-B24BCCE8DF00}.SingleImage|Any CPU.ActiveCfg = Release|Any CPU
		{6C01019D-90DC-47E9-993C-B24BCCE8DF00}.SingleImage|Any CPU.Build.0 = Release|Any CPU
		{6C01019D-90DC-47E9-993C-B24BCCE8DF00}.SingleImage|x64.ActiveCfg = Release|x64
		{6C01019D-90DC-47E9-993C-B24BCCE8DF00}.SingleImage|x64.Build.0 = Release|x64
		{6C01019D-90DC-47E9-993C-B24BCCE8DF00}.SingleImage|x86.ActiveCfg = Debug|x86
		{6C01019D-90DC-47E9-993C-B24BCCE8DF00}.SingleImage|x86.Build.0 = Debug|x86
		{649C28F4-87B5-4BD3-8C4A-DF5BD42B2EE8}.CD_ROM|Any CPU.ActiveCfg = Release|Any CPU
		{649C28F4-87B5-4BD3-8C4A-DF5BD42B2EE8}.CD_ROM|Any CPU.Build.0 = Release|Any CPU
		{649C28F4-87B5-4BD3-8C4A-DF5BD42B2EE8}.CD_ROM|x64.ActiveCfg = Release|Any CPU
		{649C28F4-87B5-4BD3-8C4A-DF5BD42B2EE8}.CD_ROM|x86.ActiveCfg = Release|Any CPU
		{649C28F4-87B5-4BD3-8C4A-DF5BD42B2EE8}.Debug|Any CPU.ActiveCfg = Debug|Any CPU
		{649C28F4-87B5-4BD3-8C4A-DF5BD42B2EE8}.Debug|Any CPU.Build.0 = Debug|Any CPU
		{649C28F4-87B5-4BD3-8C4A-DF5BD42B2EE8}.Debug|x64.ActiveCfg = Debug|Any CPU
		{649C28F4-87B5-4BD3-8C4A-DF5BD42B2EE8}.Debug|x86.ActiveCfg = Debug|Any CPU
		{649C28F4-87B5-4BD3-8C4A-DF5BD42B2EE8}.DVD-5|Any CPU.ActiveCfg = Debug|Any CPU
		{649C28F4-87B5-4BD3-8C4A-DF5BD42B2EE8}.DVD-5|Any CPU.Build.0 = Debug|Any CPU
		{649C28F4-87B5-4BD3-8C4A-DF5BD42B2EE8}.DVD-5|x64.ActiveCfg = Debug|Any CPU
		{649C28F4-87B5-4BD3-8C4A-DF5BD42B2EE8}.DVD-5|x86.ActiveCfg = Debug|Any CPU
		{649C28F4-87B5-4BD3-8C4A-DF5BD42B2EE8}.Release|Any CPU.ActiveCfg = Release|Any CPU
		{649C28F4-87B5-4BD3-8C4A-DF5BD42B2EE8}.Release|Any CPU.Build.0 = Release|Any CPU
		{649C28F4-87B5-4BD3-8C4A-DF5BD42B2EE8}.Release|x64.ActiveCfg = Release|Any CPU
		{649C28F4-87B5-4BD3-8C4A-DF5BD42B2EE8}.Release|x86.ActiveCfg = Release|Any CPU
		{649C28F4-87B5-4BD3-8C4A-DF5BD42B2EE8}.SingleImage|Any CPU.ActiveCfg = Release|Any CPU
		{649C28F4-87B5-4BD3-8C4A-DF5BD42B2EE8}.SingleImage|Any CPU.Build.0 = Release|Any CPU
		{649C28F4-87B5-4BD3-8C4A-DF5BD42B2EE8}.SingleImage|x64.ActiveCfg = Release|Any CPU
		{649C28F4-87B5-4BD3-8C4A-DF5BD42B2EE8}.SingleImage|x86.ActiveCfg = Release|Any CPU
		{555AE562-77DB-4EAA-ABE2-0783511142FE}.CD_ROM|Any CPU.ActiveCfg = Release
		{555AE562-77DB-4EAA-ABE2-0783511142FE}.CD_ROM|Any CPU.Build.0 = Release
		{555AE562-77DB-4EAA-ABE2-0783511142FE}.CD_ROM|x64.ActiveCfg = Release
		{555AE562-77DB-4EAA-ABE2-0783511142FE}.CD_ROM|x64.Build.0 = Release
		{555AE562-77DB-4EAA-ABE2-0783511142FE}.CD_ROM|x86.ActiveCfg = Release
		{555AE562-77DB-4EAA-ABE2-0783511142FE}.CD_ROM|x86.Build.0 = Release
		{555AE562-77DB-4EAA-ABE2-0783511142FE}.Debug|Any CPU.ActiveCfg = Debug
		{555AE562-77DB-4EAA-ABE2-0783511142FE}.Debug|Any CPU.Build.0 = Debug
		{555AE562-77DB-4EAA-ABE2-0783511142FE}.Debug|x64.ActiveCfg = Debug
		{555AE562-77DB-4EAA-ABE2-0783511142FE}.Debug|x64.Build.0 = Debug
		{555AE562-77DB-4EAA-ABE2-0783511142FE}.Debug|x86.ActiveCfg = Debug
		{555AE562-77DB-4EAA-ABE2-0783511142FE}.Debug|x86.Build.0 = Debug
		{555AE562-77DB-4EAA-ABE2-0783511142FE}.DVD-5|Any CPU.ActiveCfg = Debug
		{555AE562-77DB-4EAA-ABE2-0783511142FE}.DVD-5|Any CPU.Build.0 = Debug
		{555AE562-77DB-4EAA-ABE2-0783511142FE}.DVD-5|x64.ActiveCfg = Debug
		{555AE562-77DB-4EAA-ABE2-0783511142FE}.DVD-5|x64.Build.0 = Debug
		{555AE562-77DB-4EAA-ABE2-0783511142FE}.DVD-5|x86.ActiveCfg = Debug
		{555AE562-77DB-4EAA-ABE2-0783511142FE}.DVD-5|x86.Build.0 = Debug
		{555AE562-77DB-4EAA-ABE2-0783511142FE}.Release|Any CPU.ActiveCfg = Release
		{555AE562-77DB-4EAA-ABE2-0783511142FE}.Release|Any CPU.Build.0 = Release
		{555AE562-77DB-4EAA-ABE2-0783511142FE}.Release|x64.ActiveCfg = Release
		{555AE562-77DB-4EAA-ABE2-0783511142FE}.Release|x64.Build.0 = Release
		{555AE562-77DB-4EAA-ABE2-0783511142FE}.Release|x86.ActiveCfg = Release
		{555AE562-77DB-4EAA-ABE2-0783511142FE}.Release|x86.Build.0 = Release
		{555AE562-77DB-4EAA-ABE2-0783511142FE}.SingleImage|Any CPU.ActiveCfg = Release
		{555AE562-77DB-4EAA-ABE2-0783511142FE}.SingleImage|Any CPU.Build.0 = Release
		{555AE562-77DB-4EAA-ABE2-0783511142FE}.SingleImage|x64.ActiveCfg = Release
		{555AE562-77DB-4EAA-ABE2-0783511142FE}.SingleImage|x64.Build.0 = Release
		{555AE562-77DB-4EAA-ABE2-0783511142FE}.SingleImage|x86.ActiveCfg = Release
		{555AE562-77DB-4EAA-ABE2-0783511142FE}.SingleImage|x86.Build.0 = Release
		{388AC527-411A-4A79-84F3-8026F3C9F194}.CD_ROM|Any CPU.ActiveCfg = Release
		{388AC527-411A-4A79-84F3-8026F3C9F194}.CD_ROM|x64.ActiveCfg = Release
		{388AC527-411A-4A79-84F3-8026F3C9F194}.CD_ROM|x86.ActiveCfg = Release
		{388AC527-411A-4A79-84F3-8026F3C9F194}.Debug|Any CPU.ActiveCfg = Debug
		{388AC527-411A-4A79-84F3-8026F3C9F194}.Debug|x64.ActiveCfg = Debug
		{388AC527-411A-4A79-84F3-8026F3C9F194}.Debug|x86.ActiveCfg = Debug
		{388AC527-411A-4A79-84F3-8026F3C9F194}.DVD-5|Any CPU.ActiveCfg = Debug
		{388AC527-411A-4A79-84F3-8026F3C9F194}.DVD-5|x64.ActiveCfg = Debug
		{388AC527-411A-4A79-84F3-8026F3C9F194}.DVD-5|x86.ActiveCfg = Debug
		{388AC527-411A-4A79-84F3-8026F3C9F194}.Release|Any CPU.ActiveCfg = Release
		{388AC527-411A-4A79-84F3-8026F3C9F194}.Release|x64.ActiveCfg = Release
		{388AC527-411A-4A79-84F3-8026F3C9F194}.Release|x86.ActiveCfg = Release
		{388AC527-411A-4A79-84F3-8026F3C9F194}.SingleImage|Any CPU.ActiveCfg = Release
		{388AC527-411A-4A79-84F3-8026F3C9F194}.SingleImage|x64.ActiveCfg = Release
		{388AC527-411A-4A79-84F3-8026F3C9F194}.SingleImage|x86.ActiveCfg = Release
		{00B110DB-0535-4F8C-810A-A31DD8AC3756}.CD_ROM|Any CPU.ActiveCfg = Release|Any CPU
		{00B110DB-0535-4F8C-810A-A31DD8AC3756}.CD_ROM|Any CPU.Build.0 = Release|Any CPU
		{00B110DB-0535-4F8C-810A-A31DD8AC3756}.CD_ROM|x64.ActiveCfg = Release|Any CPU
		{00B110DB-0535-4F8C-810A-A31DD8AC3756}.CD_ROM|x64.Build.0 = Release|Any CPU
		{00B110DB-0535-4F8C-810A-A31DD8AC3756}.CD_ROM|x86.ActiveCfg = Release|Any CPU
		{00B110DB-0535-4F8C-810A-A31DD8AC3756}.CD_ROM|x86.Build.0 = Release|Any CPU
		{00B110DB-0535-4F8C-810A-A31DD8AC3756}.Debug|Any CPU.ActiveCfg = Debug|Any CPU
		{00B110DB-0535-4F8C-810A-A31DD8AC3756}.Debug|Any CPU.Build.0 = Debug|Any CPU
		{00B110DB-0535-4F8C-810A-A31DD8AC3756}.Debug|x64.ActiveCfg = Debug|Any CPU
		{00B110DB-0535-4F8C-810A-A31DD8AC3756}.Debug|x64.Build.0 = Debug|Any CPU
		{00B110DB-0535-4F8C-810A-A31DD8AC3756}.Debug|x86.ActiveCfg = Debug|Any CPU
		{00B110DB-0535-4F8C-810A-A31DD8AC3756}.Debug|x86.Build.0 = Debug|Any CPU
		{00B110DB-0535-4F8C-810A-A31DD8AC3756}.DVD-5|Any CPU.ActiveCfg = Release|Any CPU
		{00B110DB-0535-4F8C-810A-A31DD8AC3756}.DVD-5|Any CPU.Build.0 = Release|Any CPU
		{00B110DB-0535-4F8C-810A-A31DD8AC3756}.DVD-5|x64.ActiveCfg = Release|Any CPU
		{00B110DB-0535-4F8C-810A-A31DD8AC3756}.DVD-5|x64.Build.0 = Release|Any CPU
		{00B110DB-0535-4F8C-810A-A31DD8AC3756}.DVD-5|x86.ActiveCfg = Release|Any CPU
		{00B110DB-0535-4F8C-810A-A31DD8AC3756}.DVD-5|x86.Build.0 = Release|Any CPU
		{00B110DB-0535-4F8C-810A-A31DD8AC3756}.Release|Any CPU.ActiveCfg = Release|Any CPU
		{00B110DB-0535-4F8C-810A-A31DD8AC3756}.Release|Any CPU.Build.0 = Release|Any CPU
		{00B110DB-0535-4F8C-810A-A31DD8AC3756}.Release|x64.ActiveCfg = Release|Any CPU
		{00B110DB-0535-4F8C-810A-A31DD8AC3756}.Release|x64.Build.0 = Release|Any CPU
		{00B110DB-0535-4F8C-810A-A31DD8AC3756}.Release|x86.ActiveCfg = Release|Any CPU
		{00B110DB-0535-4F8C-810A-A31DD8AC3756}.Release|x86.Build.0 = Release|Any CPU
		{00B110DB-0535-4F8C-810A-A31DD8AC3756}.SingleImage|Any CPU.ActiveCfg = Release|Any CPU
		{00B110DB-0535-4F8C-810A-A31DD8AC3756}.SingleImage|Any CPU.Build.0 = Release|Any CPU
		{00B110DB-0535-4F8C-810A-A31DD8AC3756}.SingleImage|x64.ActiveCfg = Release|Any CPU
		{00B110DB-0535-4F8C-810A-A31DD8AC3756}.SingleImage|x64.Build.0 = Release|Any CPU
		{00B110DB-0535-4F8C-810A-A31DD8AC3756}.SingleImage|x86.ActiveCfg = Release|Any CPU
		{00B110DB-0535-4F8C-810A-A31DD8AC3756}.SingleImage|x86.Build.0 = Release|Any CPU
		{A1274CF0-B51C-4365-9A36-A864026723AF}.CD_ROM|Any CPU.ActiveCfg = Release|Any CPU
		{A1274CF0-B51C-4365-9A36-A864026723AF}.CD_ROM|Any CPU.Build.0 = Release|Any CPU
		{A1274CF0-B51C-4365-9A36-A864026723AF}.CD_ROM|x64.ActiveCfg = Release|Any CPU
		{A1274CF0-B51C-4365-9A36-A864026723AF}.CD_ROM|x64.Build.0 = Release|Any CPU
		{A1274CF0-B51C-4365-9A36-A864026723AF}.CD_ROM|x86.ActiveCfg = Release|Any CPU
		{A1274CF0-B51C-4365-9A36-A864026723AF}.CD_ROM|x86.Build.0 = Release|Any CPU
		{A1274CF0-B51C-4365-9A36-A864026723AF}.Debug|Any CPU.ActiveCfg = Debug|Any CPU
		{A1274CF0-B51C-4365-9A36-A864026723AF}.Debug|Any CPU.Build.0 = Debug|Any CPU
		{A1274CF0-B51C-4365-9A36-A864026723AF}.Debug|x64.ActiveCfg = Debug|Any CPU
		{A1274CF0-B51C-4365-9A36-A864026723AF}.Debug|x64.Build.0 = Debug|Any CPU
		{A1274CF0-B51C-4365-9A36-A864026723AF}.Debug|x86.ActiveCfg = Debug|Any CPU
		{A1274CF0-B51C-4365-9A36-A864026723AF}.Debug|x86.Build.0 = Debug|Any CPU
		{A1274CF0-B51C-4365-9A36-A864026723AF}.DVD-5|Any CPU.ActiveCfg = Release|Any CPU
		{A1274CF0-B51C-4365-9A36-A864026723AF}.DVD-5|Any CPU.Build.0 = Release|Any CPU
		{A1274CF0-B51C-4365-9A36-A864026723AF}.DVD-5|x64.ActiveCfg = Release|Any CPU
		{A1274CF0-B51C-4365-9A36-A864026723AF}.DVD-5|x64.Build.0 = Release|Any CPU
		{A1274CF0-B51C-4365-9A36-A864026723AF}.DVD-5|x86.ActiveCfg = Release|Any CPU
		{A1274CF0-B51C-4365-9A36-A864026723AF}.DVD-5|x86.Build.0 = Release|Any CPU
		{A1274CF0-B51C-4365-9A36-A864026723AF}.Release|Any CPU.ActiveCfg = Release|Any CPU
		{A1274CF0-B51C-4365-9A36-A864026723AF}.Release|Any CPU.Build.0 = Release|Any CPU
		{A1274CF0-B51C-4365-9A36-A864026723AF}.Release|x64.ActiveCfg = Release|Any CPU
		{A1274CF0-B51C-4365-9A36-A864026723AF}.Release|x64.Build.0 = Release|Any CPU
		{A1274CF0-B51C-4365-9A36-A864026723AF}.Release|x86.ActiveCfg = Release|Any CPU
		{A1274CF0-B51C-4365-9A36-A864026723AF}.Release|x86.Build.0 = Release|Any CPU
		{A1274CF0-B51C-4365-9A36-A864026723AF}.SingleImage|Any CPU.ActiveCfg = Release|Any CPU
		{A1274CF0-B51C-4365-9A36-A864026723AF}.SingleImage|Any CPU.Build.0 = Release|Any CPU
		{A1274CF0-B51C-4365-9A36-A864026723AF}.SingleImage|x64.ActiveCfg = Release|Any CPU
		{A1274CF0-B51C-4365-9A36-A864026723AF}.SingleImage|x64.Build.0 = Release|Any CPU
		{A1274CF0-B51C-4365-9A36-A864026723AF}.SingleImage|x86.ActiveCfg = Release|Any CPU
		{A1274CF0-B51C-4365-9A36-A864026723AF}.SingleImage|x86.Build.0 = Release|Any CPU
	EndGlobalSection
	GlobalSection(SolutionProperties) = preSolution
		HideSolutionNode = FALSE
	EndGlobalSection
	GlobalSection(ExtensibilityGlobals) = postSolution
		SolutionGuid = {53DD966E-6CE7-4A74-8AAE-E6FF60CE0A65}
	EndGlobalSection
EndGlobal
